
Microsoft Visual Studio Solution File, Format Version 12.00
# Visual Studio Version 17
VisualStudioVersion = 17.13.35919.96 d17.13
MinimumVisualStudioVersion = 10.0.40219.1
Project("{FAE04EC0-301F-11D3-BF4B-00C04F79EFBC}") = "WindowsFormHomework", "WindowsFormHomework.csproj", "{09641181-BC6E-4DB8-A8CA-2FC410EDA885}"
EndProject
Global
	GlobalSection(SolutionConfigurationPlatforms) = preSolution
		Debug|Any CPU = Debug|Any CPU
		Release|Any CPU = Release|Any CPU
	EndGlobalSection
	GlobalSection(ProjectConfigurationPlatforms) = postSolution
		{09641181-BC6E-4DB8-A8CA-2FC410EDA885}.Debug|Any CPU.ActiveCfg = Debug|Any CPU
		{09641181-BC6E-4DB8-A8CA-2FC410EDA885}.Debug|Any CPU.Build.0 = Debug|Any CPU
		{09641181-BC6E-4DB8-A8CA-2FC410EDA885}.Release|Any CPU.ActiveCfg = Release|Any CPU
		{09641181-BC6E-4DB8-A8CA-2FC410EDA885}.Release|Any CPU.Build.0 = Release|Any CPU
	EndGlobalSection
	GlobalSection(SolutionProperties) = preSolution
		HideSolutionNode = FALSE
	EndGlobalSection
	GlobalSection(ExtensibilityGlobals) = postSolution
		SolutionGuid = {092AC612-AE54-42E7-AF5F-0247AF32FEB7}
	EndGlobalSection
EndGlobal
