
Microsoft Visual Studio Solution File, Format Version 12.00
# Visual Studio Version 17
VisualStudioVersion = 17.13.35931.197 d17.13
MinimumVisualStudioVersion = 10.0.40219.1
Project("{FAE04EC0-301F-11D3-BF4B-00C04F79EFBC}") = "JsonHomework1", "JsonHomework1.csproj", "{9F396A80-552E-4F1A-A163-FFD4584C5D5D}"
EndProject
Global
	GlobalSection(SolutionConfigurationPlatforms) = preSolution
		Debug|Any CPU = Debug|Any CPU
		Release|Any CPU = Release|Any CPU
	EndGlobalSection
	GlobalSection(ProjectConfigurationPlatforms) = postSolution
		{9F396A80-552E-4F1A-A163-FFD4584C5D5D}.Debug|Any CPU.ActiveCfg = Debug|Any CPU
		{9F396A80-552E-4F1A-A163-FFD4584C5D5D}.Debug|Any CPU.Build.0 = Debug|Any CPU
		{9F396A80-552E-4F1A-A163-FFD4584C5D5D}.Release|Any CPU.ActiveCfg = Release|Any CPU
		{9F396A80-552E-4F1A-A163-FFD4584C5D5D}.Release|Any CPU.Build.0 = Release|Any CPU
	EndGlobalSection
	GlobalSection(SolutionProperties) = preSolution
		HideSolutionNode = FALSE
	EndGlobalSection
	GlobalSection(ExtensibilityGlobals) = postSolution
		SolutionGuid = {BFCA3C98-FBB8-4D07-92D4-418756AE4629}
	EndGlobalSection
EndGlobal
